
Microsoft Visual Studio Solution File, Format Version 12.00
# Visual Studio 2013
VisualStudioVersion = 12.0.21005.1
MinimumVisualStudioVersion = 10.0.40219.1
Project("{FAE04EC0-301F-11D3-BF4B-00C04F79EFBC}") = "Training-Day-07", "Training-Day-07\Training-Day-07.csproj", "{E6FEEFFA-BA7E-41B8-BBE8-205C9AE6EABA}"
EndProject
Project("{FAE04EC0-301F-11D3-BF4B-00C04F79EFBC}") = "MyLibrary", "MyLibrary\MyLibrary.csproj", "{0967D91B-8566-42D9-AD1A-95C5548CA48C}"
EndProject
Global
	GlobalSection(SolutionConfigurationPlatforms) = preSolution
		Debug|Any CPU = Debug|Any CPU
		Release|Any CPU = Release|Any CPU
	EndGlobalSection
	GlobalSection(ProjectConfigurationPlatforms) = postSolution
		{E6FEEFFA-BA7E-41B8-BBE8-205C9AE6EABA}.Debug|Any CPU.ActiveCfg = Debug|Any CPU
		{E6FEEFFA-BA7E-41B8-BBE8-205C9AE6EABA}.Debug|Any CPU.Build.0 = Debug|Any CPU
		{E6FEEFFA-BA7E-41B8-BBE8-205C9AE6EABA}.Release|Any CPU.ActiveCfg = Release|Any CPU
		{E6FEEFFA-BA7E-41B8-BBE8-205C9AE6EABA}.Release|Any CPU.Build.0 = Release|Any CPU
		{0967D91B-8566-42D9-AD1A-95C5548CA48C}.Debug|Any CPU.ActiveCfg = Debug|Any CPU
		{0967D91B-8566-42D9-AD1A-95C5548CA48C}.Debug|Any CPU.Build.0 = Debug|Any CPU
		{0967D91B-8566-42D9-AD1A-95C5548CA48C}.Release|Any CPU.ActiveCfg = Release|Any CPU
		{0967D91B-8566-42D9-AD1A-95C5548CA48C}.Release|Any CPU.Build.0 = Release|Any CPU
	EndGlobalSection
	GlobalSection(SolutionProperties) = preSolution
		HideSolutionNode = FALSE
	EndGlobalSection
EndGlobal
