
Microsoft Visual Studio Solution File, Format Version 12.00
# Visual Studio 2013
VisualStudioVersion = 12.0.21005.1
MinimumVisualStudioVersion = 10.0.40219.1
Project("{FAE04EC0-301F-11D3-BF4B-00C04F79EFBC}") = "TrainingDay1", "TrainingDay1\TrainingDay1.csproj", "{9947F823-5254-4552-B1B1-44CC930A204E}"
EndProject
Project("{FAE04EC0-301F-11D3-BF4B-00C04F79EFBC}") = "customerModel", "customerModel\customerModel.csproj", "{45F1DFC6-4BFE-4FFA-B5A2-DB0D5951B5A2}"
EndProject
Global
	GlobalSection(SolutionConfigurationPlatforms) = preSolution
		Debug|Any CPU = Debug|Any CPU
		Release|Any CPU = Release|Any CPU
	EndGlobalSection
	GlobalSection(ProjectConfigurationPlatforms) = postSolution
		{9947F823-5254-4552-B1B1-44CC930A204E}.Debug|Any CPU.ActiveCfg = Debug|Any CPU
		{9947F823-5254-4552-B1B1-44CC930A204E}.Debug|Any CPU.Build.0 = Debug|Any CPU
		{9947F823-5254-4552-B1B1-44CC930A204E}.Release|Any CPU.ActiveCfg = Release|Any CPU
		{9947F823-5254-4552-B1B1-44CC930A204E}.Release|Any CPU.Build.0 = Release|Any CPU
		{45F1DFC6-4BFE-4FFA-B5A2-DB0D5951B5A2}.Debug|Any CPU.ActiveCfg = Debug|Any CPU
		{45F1DFC6-4BFE-4FFA-B5A2-DB0D5951B5A2}.Debug|Any CPU.Build.0 = Debug|Any CPU
		{45F1DFC6-4BFE-4FFA-B5A2-DB0D5951B5A2}.Release|Any CPU.ActiveCfg = Release|Any CPU
		{45F1DFC6-4BFE-4FFA-B5A2-DB0D5951B5A2}.Release|Any CPU.Build.0 = Release|Any CPU
	EndGlobalSection
	GlobalSection(SolutionProperties) = preSolution
		HideSolutionNode = FALSE
	EndGlobalSection
EndGlobal
