
Microsoft Visual Studio Solution File, Format Version 12.00
# Visual Studio 2013
VisualStudioVersion = 12.0.21005.1
MinimumVisualStudioVersion = 10.0.40219.1
Project("{FAE04EC0-301F-11D3-BF4B-00C04F79EFBC}") = "TrainingDay-06", "TrainingDay-06\TrainingDay-06.csproj", "{FEBBE6F8-53F4-4DED-88F9-E719B33F7022}"
EndProject
Project("{FAE04EC0-301F-11D3-BF4B-00C04F79EFBC}") = "InterfaceTest", "InterfaceTest\InterfaceTest.csproj", "{0191DB50-AF62-4DFA-8F4C-9AD740CFA974}"
EndProject
Global
	GlobalSection(SolutionConfigurationPlatforms) = preSolution
		Debug|Any CPU = Debug|Any CPU
		Release|Any CPU = Release|Any CPU
	EndGlobalSection
	GlobalSection(ProjectConfigurationPlatforms) = postSolution
		{FEBBE6F8-53F4-4DED-88F9-E719B33F7022}.Debug|Any CPU.ActiveCfg = Debug|Any CPU
		{FEBBE6F8-53F4-4DED-88F9-E719B33F7022}.Debug|Any CPU.Build.0 = Debug|Any CPU
		{FEBBE6F8-53F4-4DED-88F9-E719B33F7022}.Release|Any CPU.ActiveCfg = Release|Any CPU
		{FEBBE6F8-53F4-4DED-88F9-E719B33F7022}.Release|Any CPU.Build.0 = Release|Any CPU
		{0191DB50-AF62-4DFA-8F4C-9AD740CFA974}.Debug|Any CPU.ActiveCfg = Debug|Any CPU
		{0191DB50-AF62-4DFA-8F4C-9AD740CFA974}.Debug|Any CPU.Build.0 = Debug|Any CPU
		{0191DB50-AF62-4DFA-8F4C-9AD740CFA974}.Release|Any CPU.ActiveCfg = Release|Any CPU
		{0191DB50-AF62-4DFA-8F4C-9AD740CFA974}.Release|Any CPU.Build.0 = Release|Any CPU
	EndGlobalSection
	GlobalSection(SolutionProperties) = preSolution
		HideSolutionNode = FALSE
	EndGlobalSection
EndGlobal
