
Microsoft Visual Studio Solution File, Format Version 12.00
# Visual Studio 2013
VisualStudioVersion = 12.0.21005.1
MinimumVisualStudioVersion = 10.0.40219.1
Project("{FAE04EC0-301F-11D3-BF4B-00C04F79EFBC}") = "ConsoleProject1", "ConsoleProject1\ConsoleProject1.csproj", "{70E24823-BBAE-48FE-BE7D-C24EE3A0C424}"
EndProject
Project("{FAE04EC0-301F-11D3-BF4B-00C04F79EFBC}") = "Library1", "Library1\Library1.csproj", "{D16E0506-1784-47A1-8833-EB7F5E38C543}"
EndProject
Global
	GlobalSection(SolutionConfigurationPlatforms) = preSolution
		Debug|Any CPU = Debug|Any CPU
		Release|Any CPU = Release|Any CPU
	EndGlobalSection
	GlobalSection(ProjectConfigurationPlatforms) = postSolution
		{70E24823-BBAE-48FE-BE7D-C24EE3A0C424}.Debug|Any CPU.ActiveCfg = Debug|Any CPU
		{70E24823-BBAE-48FE-BE7D-C24EE3A0C424}.Debug|Any CPU.Build.0 = Debug|Any CPU
		{70E24823-BBAE-48FE-BE7D-C24EE3A0C424}.Release|Any CPU.ActiveCfg = Release|Any CPU
		{70E24823-BBAE-48FE-BE7D-C24EE3A0C424}.Release|Any CPU.Build.0 = Release|Any CPU
		{D16E0506-1784-47A1-8833-EB7F5E38C543}.Debug|Any CPU.ActiveCfg = Debug|Any CPU
		{D16E0506-1784-47A1-8833-EB7F5E38C543}.Debug|Any CPU.Build.0 = Debug|Any CPU
		{D16E0506-1784-47A1-8833-EB7F5E38C543}.Release|Any CPU.ActiveCfg = Release|Any CPU
		{D16E0506-1784-47A1-8833-EB7F5E38C543}.Release|Any CPU.Build.0 = Release|Any CPU
	EndGlobalSection
	GlobalSection(SolutionProperties) = preSolution
		HideSolutionNode = FALSE
	EndGlobalSection
EndGlobal
